{
  "nodes": {
    "newerNixpkgs": {
      "locked": {
        "lastModified": 1659009481,
        "narHash": "sha256-BRM5R7AMKa58NAJnZsmWsVhDxuGllnhTvpVEZ+sP49I=",
        "owner": "NixOS",
        "repo": "nixpkgs",
        "rev": "2d9b7cb5f0a41da95fccc120acf730fd20d8598d",
        "type": "github"
      },
      "original": {
        "owner": "NixOS",
        "repo": "nixpkgs",
        "type": "github"
      }
    },
    "nixpkgs": {
      "locked": {
        "lastModified": 1659009481,
        "narHash": "sha256-EeijR4guVHgVv+JpOX3cQO+1XdrkJfGmiJ9XVsVU530=",
        "owner": "NixOS",
        "repo": "nixpkgs",
        "rev": "1882c6b7368fd284ad01b0a5b5601ef136321292",
        "type": "github"
      },
      "original": {
        "owner": "NixOS",
        "repo": "nixpkgs",
        "type": "github"
      }
    },
    "root": {
      "inputs": {
        "newerNixpkgs": "newerNixpkgs",
        "nixpkgs": "nixpkgs"
      }
    }
  },
  "root": "root",
  "version": 7
}
